
Microsoft Visual Studio Solution File, Format Version 12.00
# Visual Studio Version 16
VisualStudioVersion = 16.0.30114.105
MinimumVisualStudioVersion = 10.0.40219.1
Project("{F184B08F-C81C-45F6-A57F-5ABD9991F28F}") = "Baraja-1", "Baraja-1.vbproj", "{4FEC3091-FA23-4B54-800A-F3B7F73AA3D2}"
EndProject
Global
	GlobalSection(SolutionConfigurationPlatforms) = preSolution
		Debug|Any CPU = Debug|Any CPU
		Release|Any CPU = Release|Any CPU
	EndGlobalSection
	GlobalSection(ProjectConfigurationPlatforms) = postSolution
		{4FEC3091-FA23-4B54-800A-F3B7F73AA3D2}.Debug|Any CPU.ActiveCfg = Debug|Any CPU
		{4FEC3091-FA23-4B54-800A-F3B7F73AA3D2}.Debug|Any CPU.Build.0 = Debug|Any CPU
		{4FEC3091-FA23-4B54-800A-F3B7F73AA3D2}.Release|Any CPU.ActiveCfg = Release|Any CPU
		{4FEC3091-FA23-4B54-800A-F3B7F73AA3D2}.Release|Any CPU.Build.0 = Release|Any CPU
	EndGlobalSection
	GlobalSection(SolutionProperties) = preSolution
		HideSolutionNode = FALSE
	EndGlobalSection
	GlobalSection(ExtensibilityGlobals) = postSolution
		SolutionGuid = {7852CEF9-628A-4443-81C0-5B326C233E78}
	EndGlobalSection
EndGlobal
